
Microsoft Visual Studio Solution File, Format Version 12.00
# Visual Studio 15
VisualStudioVersion = 15.0.27703.2000
MinimumVisualStudioVersion = 10.0.40219.1
Project("{FAE04EC0-301F-11D3-BF4B-00C04F79EFBC}") = "PCSC-FelicaReader", "PCSC-FelicaReader\PCSC-FelicaReader.csproj", "{5A648BF0-6A89-4229-B8C7-D6BBC3F91A88}"
EndProject
Global
	GlobalSection(SolutionConfigurationPlatforms) = preSolution
		Debug|Any CPU = Debug|Any CPU
		Release|Any CPU = Release|Any CPU
	EndGlobalSection
	GlobalSection(ProjectConfigurationPlatforms) = postSolution
		{5A648BF0-6A89-4229-B8C7-D6BBC3F91A88}.Debug|Any CPU.ActiveCfg = Debug|Any CPU
		{5A648BF0-6A89-4229-B8C7-D6BBC3F91A88}.Debug|Any CPU.Build.0 = Debug|Any CPU
		{5A648BF0-6A89-4229-B8C7-D6BBC3F91A88}.Release|Any CPU.ActiveCfg = Release|Any CPU
		{5A648BF0-6A89-4229-B8C7-D6BBC3F91A88}.Release|Any CPU.Build.0 = Release|Any CPU
	EndGlobalSection
	GlobalSection(SolutionProperties) = preSolution
		HideSolutionNode = FALSE
	EndGlobalSection
	GlobalSection(ExtensibilityGlobals) = postSolution
		SolutionGuid = {47DF5F5D-AA6D-4CB7-B029-4C11BAA46367}
	EndGlobalSection
EndGlobal
